
Microsoft Visual Studio Solution File, Format Version 12.00
# Visual Studio Version 17
VisualStudioVersion = 17.5.33424.131
MinimumVisualStudioVersion = 10.0.40219.1
Project("{FAE04EC0-301F-11D3-BF4B-00C04F79EFBC}") = "BookKeeping", "BookKeeping\BookKeeping.csproj", "{283B5854-C789-4B56-BF3F-69F4E054653E}"
EndProject
Global
	GlobalSection(SolutionConfigurationPlatforms) = preSolution
		Debug|Any CPU = Debug|Any CPU
		Release|Any CPU = Release|Any CPU
	EndGlobalSection
	GlobalSection(ProjectConfigurationPlatforms) = postSolution
		{283B5854-C789-4B56-BF3F-69F4E054653E}.Debug|Any CPU.ActiveCfg = Debug|Any CPU
		{283B5854-C789-4B56-BF3F-69F4E054653E}.Debug|Any CPU.Build.0 = Debug|Any CPU
		{283B5854-C789-4B56-BF3F-69F4E054653E}.Release|Any CPU.ActiveCfg = Release|Any CPU
		{283B5854-C789-4B56-BF3F-69F4E054653E}.Release|Any CPU.Build.0 = Release|Any CPU
	EndGlobalSection
	GlobalSection(SolutionProperties) = preSolution
		HideSolutionNode = FALSE
	EndGlobalSection
	GlobalSection(ExtensibilityGlobals) = postSolution
		SolutionGuid = {0D38B089-63F5-4983-99AB-501EA66AE2A2}
	EndGlobalSection
EndGlobal
